PODS:
  - Kingfisher (3.13.0)
  - YLPhotoBrowser-Swift (0.2.1):
    - Kingfisher

DEPENDENCIES:
  - YLPhotoBrowser-Swift

SPEC CHECKSUMS:
  Kingfisher: 7eebf6000ac64401839f10da37f21eefa7d88970
  YLPhotoBrowser-Swift: 310bf23673d6de6a097ae6316e01bbfb84e22196

PODFILE CHECKSUM: e74bbf6e51d94cf1520771a2bd7415694037fb37

COCOAPODS: 1.2.1
