PODS:
  - Kingfisher (3.10.4)
  - YLPhotoBrowser-Swift (0.1.4):
    - Kingfisher

DEPENDENCIES:
  - YLPhotoBrowser-Swift

SPEC CHECKSUMS:
  Kingfisher: dc3a4983e86d2dfa89513664983a82340c11a289
  YLPhotoBrowser-Swift: da2d3dcbef4829a3d062a092ef23ca9e3982badb

PODFILE CHECKSUM: e74bbf6e51d94cf1520771a2bd7415694037fb37

COCOAPODS: 1.2.1
